{
  "name": "assets",
  "version": "1.0.0",
  "lockfileVersion": 1,
  "requires": true,
  "dependencies": {
    "github-markdown-css": {
      "version": "2.10.0",
      "resolved": "https://registry.npmjs.org/github-markdown-css/-/github-markdown-css-2.10.0.tgz",
      "integrity": "sha512-RX5VUC54uX6Lvrm226M9kMzsNeOa81MnKyxb3J0G5KLjyoOySOZgwyKFkUpv6iUhooiUZdogk+OTwQPJ4WttYg=="
    },
    "pako": {
      "version": "1.0.3",
      "resolved": "https://registry.npmjs.org/pako/-/pako-1.0.3.tgz",
      "integrity": "sha1-X1FbDGci4ZgpIK6ABerLC3ynPM8="
    },
    "plantuml-encoder": {
      "version": "1.2.5",
      "resolved": "https://registry.npmjs.org/plantuml-encoder/-/plantuml-encoder-1.2.5.tgz",
      "integrity": "sha512-viV7Sz+BJNX/sC3iyebh2VfLyAZKuu3+JuBs2ISms8+zoTGwPqwk3/WEDw/zROmGAJ/xD4sNd8zsBw/YmTo7ng==",
      "requires": {
        "pako": "1.0.3",
        "utf8-bytes": "0.0.1"
      }
    },
    "pnotify": {
      "version": "4.0.0-alpha.4",
      "resolved": "https://registry.npmjs.org/pnotify/-/pnotify-4.0.0-alpha.4.tgz",
      "integrity": "sha512-onzGW2UjHHeYB8B+Bea7fbH0wmhqwIExR8QoEB+saGQ0qbxTyWCeBVd1c+yhtrGFpXPN00gzMFFWIyzZmNZZWw=="
    },
    "utf8-bytes": {
      "version": "0.0.1",
      "resolved": "https://registry.npmjs.org/utf8-bytes/-/utf8-bytes-0.0.1.tgz",
      "integrity": "sha1-EWsCVEjJtQAIHN+/H01sbDfYg30="
    }
  }
}
