{
  "name": "assets",
  "version": "1.0.0",
  "lockfileVersion": 1,
  "requires": true,
  "dependencies": {
    "pnotify": {
      "version": "4.0.0-alpha.4",
      "resolved": "https://registry.npmjs.org/pnotify/-/pnotify-4.0.0-alpha.4.tgz",
      "integrity": "sha512-onzGW2UjHHeYB8B+Bea7fbH0wmhqwIExR8QoEB+saGQ0qbxTyWCeBVd1c+yhtrGFpXPN00gzMFFWIyzZmNZZWw=="
    }
  }
}
